
Microsoft Visual Studio Solution File, Format Version 12.00
# Visual Studio Version 17
VisualStudioVersion = 17.8.34322.80
MinimumVisualStudioVersion = 10.0.40219.1
Project("{9A19103F-16F7-4668-BE54-9A1E7A4F7556}") = "AdventOfCode2023", "AdventOfCode2023\AdventOfCode2023.csproj", "{D04BF3A5-6B20-4A34-8773-34A27AD3F74B}"
EndProject
Project("{FAE04EC0-301F-11D3-BF4B-00C04F79EFBC}") = "DayOne", "DayOne\DayOne.csproj", "{97BACD80-3C0F-4D7D-81B5-7D872035BF8D}"
EndProject
Global
	GlobalSection(SolutionConfigurationPlatforms) = preSolution
		Debug|Any CPU = Debug|Any CPU
		Release|Any CPU = Release|Any CPU
	EndGlobalSection
	GlobalSection(ProjectConfigurationPlatforms) = postSolution
		{D04BF3A5-6B20-4A34-8773-34A27AD3F74B}.Debug|Any CPU.ActiveCfg = Debug|Any CPU
		{D04BF3A5-6B20-4A34-8773-34A27AD3F74B}.Debug|Any CPU.Build.0 = Debug|Any CPU
		{D04BF3A5-6B20-4A34-8773-34A27AD3F74B}.Release|Any CPU.ActiveCfg = Release|Any CPU
		{D04BF3A5-6B20-4A34-8773-34A27AD3F74B}.Release|Any CPU.Build.0 = Release|Any CPU
		{97BACD80-3C0F-4D7D-81B5-7D872035BF8D}.Debug|Any CPU.ActiveCfg = Debug|Any CPU
		{97BACD80-3C0F-4D7D-81B5-7D872035BF8D}.Debug|Any CPU.Build.0 = Debug|Any CPU
		{97BACD80-3C0F-4D7D-81B5-7D872035BF8D}.Release|Any CPU.ActiveCfg = Release|Any CPU
		{97BACD80-3C0F-4D7D-81B5-7D872035BF8D}.Release|Any CPU.Build.0 = Release|Any CPU
	EndGlobalSection
	GlobalSection(SolutionProperties) = preSolution
		HideSolutionNode = FALSE
	EndGlobalSection
	GlobalSection(ExtensibilityGlobals) = postSolution
		SolutionGuid = {5BC3BC93-E068-4838-85D7-7433E0BC2A5B}
	EndGlobalSection
EndGlobal
